
Microsoft Visual Studio Solution File, Format Version 12.00
# Visual Studio Version 17
VisualStudioVersion = 17.0.31903.59
MinimumVisualStudioVersion = 10.0.40219.1
Project("{2150E333-8FDC-42A3-9474-1A3956D46DE8}") = "src", "src", "{344931B7-E762-46AD-809F-7034DED9D990}"
EndProject
Project("{FAE04EC0-301F-11D3-BF4B-00C04F79EFBC}") = "TestingPlayground", "src\TestingPlayground\TestingPlayground.csproj", "{9C8DA51F-D3E5-4EA9-81F6-8A5F6F82B3F3}"
EndProject
Project("{2150E333-8FDC-42A3-9474-1A3956D46DE8}") = "tests", "tests", "{22F13A53-E993-434B-8168-F02ECB058093}"
EndProject
Project("{FAE04EC0-301F-11D3-BF4B-00C04F79EFBC}") = "TestingPlayground.Tests", "tests\TestingPlayground.Tests\TestingPlayground.Tests.csproj", "{EE4860E1-4B7E-4808-A91D-B55EF7B09634}"
EndProject
Global
	GlobalSection(SolutionConfigurationPlatforms) = preSolution
		Debug|Any CPU = Debug|Any CPU
		Release|Any CPU = Release|Any CPU
	EndGlobalSection
	GlobalSection(SolutionProperties) = preSolution
		HideSolutionNode = FALSE
	EndGlobalSection
	GlobalSection(ProjectConfigurationPlatforms) = postSolution
		{9C8DA51F-D3E5-4EA9-81F6-8A5F6F82B3F3}.Debug|Any CPU.ActiveCfg = Debug|Any CPU
		{9C8DA51F-D3E5-4EA9-81F6-8A5F6F82B3F3}.Debug|Any CPU.Build.0 = Debug|Any CPU
		{9C8DA51F-D3E5-4EA9-81F6-8A5F6F82B3F3}.Release|Any CPU.ActiveCfg = Release|Any CPU
		{9C8DA51F-D3E5-4EA9-81F6-8A5F6F82B3F3}.Release|Any CPU.Build.0 = Release|Any CPU
		{EE4860E1-4B7E-4808-A91D-B55EF7B09634}.Debug|Any CPU.ActiveCfg = Debug|Any CPU
		{EE4860E1-4B7E-4808-A91D-B55EF7B09634}.Debug|Any CPU.Build.0 = Debug|Any CPU
		{EE4860E1-4B7E-4808-A91D-B55EF7B09634}.Release|Any CPU.ActiveCfg = Release|Any CPU
		{EE4860E1-4B7E-4808-A91D-B55EF7B09634}.Release|Any CPU.Build.0 = Release|Any CPU
	EndGlobalSection
	GlobalSection(NestedProjects) = preSolution
		{9C8DA51F-D3E5-4EA9-81F6-8A5F6F82B3F3} = {344931B7-E762-46AD-809F-7034DED9D990}
		{EE4860E1-4B7E-4808-A91D-B55EF7B09634} = {22F13A53-E993-434B-8168-F02ECB058093}
	EndGlobalSection
EndGlobal
